// !$*UTF8*$!
{
	archiveVersion = 1;
	classes = {
	};
	objectVersion = 50;
	objects = {

/* Begin PBXBuildFile section */
		BE3CD548211F983A00C793F7 /* AppDelegate.swift in Sources */ = {isa = PBXBuildFile; fileRef = BE3CD547211F983A00C793F7 /* AppDelegate.swift */; };
		BE3CD54A211F983A00C793F7 /* ViewController.swift in Sources */ = {isa = PBXBuildFile; fileRef = BE3CD549211F983A00C793F7 /* ViewController.swift */; };
		BE3CD54D211F983A00C793F7 /* Main.storyboard in Resources */ = {isa = PBXBuildFile; fileRef = BE3CD54B211F983A00C793F7 /* Main.storyboard */; };
		BE3CD550211F983A00C793F7 /* LFSDKTest.xcdatamodeld in Sources */ = {isa = PBXBuildFile; fileRef = BE3CD54E211F983A00C793F7 /* LFSDKTest.xcdatamodeld */; };
		BE3CD552211F983C00C793F7 /* Assets.xcassets in Resources */ = {isa = PBXBuildFile; fileRef = BE3CD551211F983C00C793F7 /* Assets.xcassets */; };
		BE3CD555211F983C00C793F7 /* LaunchScreen.storyboard in Resources */ = {isa = PBXBuildFile; fileRef = BE3CD553211F983C00C793F7 /* LaunchScreen.storyboard */; };
/* End PBXBuildFile section */

/* Begin PBXFileReference section */
		BE3CD544211F983A00C793F7 /* LFSDKTest.app */ = {isa = PBXFileReference; explicitFileType = wrapper.application; includeInIndex = 0; path = LFSDKTest.app; sourceTree = BUILT_PRODUCTS_DIR; };
		BE3CD547211F983A00C793F7 /* AppDelegate.swift */ = {isa = PBXFileReference; lastKnownFileType = sourcecode.swift; path = AppDelegate.swift; sourceTree = "<group>"; };
		BE3CD549211F983A00C793F7 /* ViewController.swift */ = {isa = PBXFileReference; lastKnownFileType = sourcecode.swift; path = ViewController.swift; sourceTree = "<group>"; };
		BE3CD54C211F983A00C793F7 /* Base */ = {isa = PBXFileReference; lastKnownFileType = file.storyboard; name = Base; path = Base.lproj/Main.storyboard; sourceTree = "<group>"; };
		BE3CD54F211F983A00C793F7 /* LFSDKTest.xcdatamodel */ = {isa = PBXFileReference; lastKnownFileType = wrapper.xcdatamodel; path = LFSDKTest.xcdatamodel; sourceTree = "<group>"; };
		BE3CD551211F983C00C793F7 /* Assets.xcassets */ = {isa = PBXFileReference; lastKnownFileType = folder.assetcatalog; path = Assets.xcassets; sourceTree = "<group>"; };
		BE3CD554211F983C00C793F7 /* Base */ = {isa = PBXFileReference; lastKnownFileType = file.storyboard; name = Base; path = Base.lproj/LaunchScreen.storyboard; sourceTree = "<group>"; };
		BE3CD556211F983C00C793F7 /* Info.plist */ = {isa = PBXFileReference; lastKnownFileType = text.plist.xml; path = Info.plist; sourceTree = "<group>"; };
/* End PBXFileReference section */

/* Begin PBXFrameworksBuildPhase section */
		BE3CD541211F983A00C793F7 /* Frameworks */ = {
			isa = PBXFrameworksBuildPhase;
			buildActionMask = 2147483647;
			files = (
			);
			runOnlyForDeploymentPostprocessing = 0;
		};
/* End PBXFrameworksBuildPhase section */

/* Begin PBXGroup section */
		BE3CD53B211F983A00C793F7 = {
			isa = PBXGroup;
			children = (
				BE3CD546211F983A00C793F7 /* LFSDKTest */,
				BE3CD545211F983A00C793F7 /* Products */,
			);
			sourceTree = "<group>";
		};
		BE3CD545211F983A00C793F7 /* Products */ = {
			isa = PBXGroup;
			children = (
				BE3CD544211F983A00C793F7 /* LFSDKTest.app */,
			);
			name = Products;
			sourceTree = "<group>";
		};
		BE3CD546211F983A00C793F7 /* LFSDKTest */ = {
			isa = PBXGroup;
			children = (
				BE3CD547211F983A00C793F7 /* AppDelegate.swift */,
				BE3CD549211F983A00C793F7 /* ViewController.swift */,
				BE3CD54B211F983A00C793F7 /* Main.storyboard */,
				BE3CD551211F983C00C793F7 /* Assets.xcassets */,
				BE3CD553211F983C00C793F7 /* LaunchScreen.storyboard */,
				BE3CD556211F983C00C793F7 /* Info.plist */,
				BE3CD54E211F983A00C793F7 /* LFSDKTest.xcdatamodeld */,
			);
			path = LFSDKTest;
			sourceTree = "<group>";
		};
/* End PBXGroup section */

/* Begin PBXNativeTarget section */
		BE3CD543211F983A00C793F7 /* LFSDKTest */ = {
			isa = PBXNativeTarget;
			buildConfigurationList = BE3CD559211F983C00C793F7 /* Build configuration list for PBXNativeTarget "LFSDKTest" */;
			buildPhases = (
				BE3CD540211F983A00C793F7 /* Sources */,
				BE3CD541211F983A00C793F7 /* Frameworks */,
				BE3CD542211F983A00C793F7 /* Resources */,
			);
			buildRules = (
			);
			dependencies = (
			);
			name = LFSDKTest;
			productName = LFSDKTest;
			productReference = BE3CD544211F983A00C793F7 /* LFSDKTest.app */;
			productType = "com.apple.product-type.application";
		};
/* End PBXNativeTarget section */

/* Begin PBXProject section */
		BE3CD53C211F983A00C793F7 /* Project object */ = {
			isa = PBXProject;
			attributes = {
				LastSwiftUpdateCheck = 0940;
				LastUpgradeCheck = 0940;
				ORGANIZATIONNAME = LFSantos;
				TargetAttributes = {
					BE3CD543211F983A00C793F7 = {
						CreatedOnToolsVersion = 9.4.1;
					};
				};
			};
			buildConfigurationList = BE3CD53F211F983A00C793F7 /* Build configuration list for PBXProject "LFSDKTest" */;
			compatibilityVersion = "Xcode 9.3";
			developmentRegion = en;
			hasScannedForEncodings = 0;
			knownRegions = (
				en,
				Base,
			);
			mainGroup = BE3CD53B211F983A00C793F7;
			productRefGroup = BE3CD545211F983A00C793F7 /* Products */;
			projectDirPath = "";
			projectRoot = "";
			targets = (
				BE3CD543211F983A00C793F7 /* LFSDKTest */,
			);
		};
/* End PBXProject section */

/* Begin PBXResourcesBuildPhase section */
		BE3CD542211F983A00C793F7 /* Resources */ = {
			isa = PBXResourcesBuildPhase;
			buildActionMask = 2147483647;
			files = (
				BE3CD555211F983C00C793F7 /* LaunchScreen.storyboard in Resources */,
				BE3CD552211F983C00C793F7 /* Assets.xcassets in Resources */,
				BE3CD54D211F983A00C793F7 /* Main.storyboard in Resources */,
			);
			runOnlyForDeploymentPostprocessing = 0;
		};
/* End PBXResourcesBuildPhase section */

/* Begin PBXSourcesBuildPhase section */
		BE3CD540211F983A00C793F7 /* Sources */ = {
			isa = PBXSourcesBuildPhase;
			buildActionMask = 2147483647;
			files = (
				BE3CD54A211F983A00C793F7 /* ViewController.swift in Sources */,
				BE3CD550211F983A00C793F7 /* LFSDKTest.xcdatamodeld in Sources */,
				BE3CD548211F983A00C793F7 /* AppDelegate.swift in Sources */,
			);
			runOnlyForDeploymentPostprocessing = 0;
		};
/* End PBXSourcesBuildPhase section */

/* Begin PBXVariantGroup section */
		BE3CD54B211F983A00C793F7 /* Main.storyboard */ = {
			isa = PBXVariantGroup;
			children = (
				BE3CD54C211F983A00C793F7 /* Base */,
			);
			name = Main.storyboard;
			sourceTree = "<group>";
		};
		BE3CD553211F983C00C793F7 /* LaunchScreen.storyboard */ = {
			isa = PBXVariantGroup;
			children = (
				BE3CD554211F983C00C793F7 /* Base */,
			);
			name = LaunchScreen.storyboard;
			sourceTree = "<group>";
		};
/* End PBXVariantGroup section */

/* Begin XCBuildConfiguration section */
		BE3CD557211F983C00C793F7 /* Debug */ = {
			isa = XCBuildConfiguration;
			buildSettings = {
				ALWAYS_SEARCH_USER_PATHS = NO;
				CLANG_ANALYZER_NONNULL = YES;
				CLANG_ANALYZER_NUMBER_OBJECT_CONVERSION = YES_AGGRESSIVE;
				CLANG_CXX_LANGUAGE_STANDARD = "gnu++14";
				CLANG_CXX_LIBRARY = "libc++";
				CLANG_ENABLE_MODULES = YES;
				CLANG_ENABLE_OBJC_ARC = YES;
				CLANG_ENABLE_OBJC_WEAK = YES;
				CLANG_WARN_BLOCK_CAPTURE_AUTORELEASING = YES;
				CLANG_WARN_BOOL_CONVERSION = YES;
				CLANG_WARN_COMMA = YES;
				CLANG_WARN_CONSTANT_CONVERSION = YES;
				CLANG_WARN_DEPRECATED_OBJC_IMPLEMENTATIONS = YES;
				CLANG_WARN_DIRECT_OBJC_ISA_USAGE = YES_ERROR;
				CLANG_WARN_DOCUMENTATION_COMMENTS = YES;
				CLANG_WARN_EMPTY_BODY = YES;
				CLANG_WARN_ENUM_CONVERSION = YES;
				CLANG_WARN_INFINITE_RECURSION = YES;
				CLANG_WARN_INT_CONVERSION = YES;
				CLANG_WARN_NON_LITERAL_NULL_CONVERSION = YES;
				CLANG_WARN_OBJC_IMPLICIT_RETAIN_SELF = YES;
				CLANG_WARN_OBJC_LITERAL_CONVERSION = YES;
				CLANG_WARN_OBJC_ROOT_CLASS = YES_ERROR;
				CLANG_WARN_RANGE_LOOP_ANALYSIS = YES;
				CLANG_WARN_STRICT_PROTOTYPES = YES;
				CLANG_WARN_SUSPICIOUS_MOVE = YES;
				CLANG_WARN_UNGUARDED_AVAILABILITY = YES_AGGRESSIVE;
				CLANG_WARN_UNREACHABLE_CODE = YES;
				CLANG_WARN__DUPLICATE_METHOD_MATCH = YES;
				CODE_SIGN_IDENTITY = "iPhone Developer";
				COPY_PHASE_STRIP = NO;
				DEBUG_INFORMATION_FORMAT = dwarf;
				ENABLE_STRICT_OBJC_MSGSEND = YES;
				ENABLE_TESTABILITY = YES;
				GCC_C_LANGUAGE_STANDARD = gnu11;
				GCC_DYNAMIC_NO_PIC = NO;
				GCC_NO_COMMON_BLOCKS = YES;
				GCC_OPTIMIZATION_LEVEL = 0;
				GCC_PREPROCESSOR_DEFINITIONS = (
					"DEBUG=1",
					"$(inherited)",
				);
				GCC_WARN_64_TO_32_BIT_CONVERSION = YES;
				GCC_WARN_ABOUT_RETURN_TYPE = YES_ERROR;
				GCC_WARN_UNDECLARED_SELECTOR = YES;
				GCC_WARN_UNINITIALIZED_AUTOS = YES_AGGRESSIVE;
				GCC_WARN_UNUSED_FUNCTION = YES;
				GCC_WARN_UNUSED_VARIABLE = YES;
				IPHONEOS_DEPLOYMENT_TARGET = 11.4;
				MTL_ENABLE_DEBUG_INFO = YES;
				ONLY_ACTIVE_ARCH = YES;
				SDKROOT = iphoneos;
				SWIFT_ACTIVE_COMPILATION_CONDITIONS = DEBUG;
				SWIFT_OPTIMIZATION_LEVEL = "-Onone";
			};
			name = Debug;
		};
		BE3CD558211F983C00C793F7 /* Release */ = {
			isa = XCBuildConfiguration;
			buildSettings = {
				ALWAYS_SEARCH_USER_PATHS = NO;
				CLANG_ANALYZER_NONNULL = YES;
				CLANG_ANALYZER_NUMBER_OBJECT_CONVERSION = YES_AGGRESSIVE;
				CLANG_CXX_LANGUAGE_STANDARD = "gnu++14";
				CLANG_CXX_LIBRARY = "libc++";
				CLANG_ENABLE_MODULES = YES;
				CLANG_ENABLE_OBJC_ARC = YES;
				CLANG_ENABLE_OBJC_WEAK = YES;
				CLANG_WARN_BLOCK_CAPTURE_AUTORELEASING = YES;
				CLANG_WARN_BOOL_CONVERSION = YES;
				CLANG_WARN_COMMA = YES;
				CLANG_WARN_CONSTANT_CONVERSION = YES;
				CLANG_WARN_DEPRECATED_OBJC_IMPLEMENTATIONS = YES;
				CLANG_WARN_DIRECT_OBJC_ISA_USAGE = YES_ERROR;
				CLANG_WARN_DOCUMENTATION_COMMENTS = YES;
				CLANG_WARN_EMPTY_BODY = YES;
				CLANG_WARN_ENUM_CONVERSION = YES;
				CLANG_WARN_INFINITE_RECURSION = YES;
				CLANG_WARN_INT_CONVERSION = YES;
				CLANG_WARN_NON_LITERAL_NULL_CONVERSION = YES;
				CLANG_WARN_OBJC_IMPLICIT_RETAIN_SELF = YES;
				CLANG_WARN_OBJC_LITERAL_CONVERSION = YES;
				CLANG_WARN_OBJC_ROOT_CLASS = YES_ERROR;
				CLANG_WARN_RANGE_LOOP_ANALYSIS = YES;
				CLANG_WARN_STRICT_PROTOTYPES = YES;
				CLANG_WARN_SUSPICIOUS_MOVE = YES;
				CLANG_WARN_UNGUARDED_AVAILABILITY = YES_AGGRESSIVE;
				CLANG_WARN_UNREACHABLE_CODE = YES;
				CLANG_WARN__DUPLICATE_METHOD_MATCH = YES;
				CODE_SIGN_IDENTITY = "iPhone Developer";
				COPY_PHASE_STRIP = NO;
				DEBUG_INFORMATION_FORMAT = "dwarf-with-dsym";
				ENABLE_NS_ASSERTIONS = NO;
				ENABLE_STRICT_OBJC_MSGSEND = YES;
				GCC_C_LANGUAGE_STANDARD = gnu11;
				GCC_NO_COMMON_BLOCKS = YES;
				GCC_WARN_64_TO_32_BIT_CONVERSION = YES;
				GCC_WARN_ABOUT_RETURN_TYPE = YES_ERROR;
				GCC_WARN_UNDECLARED_SELECTOR = YES;
				GCC_WARN_UNINITIALIZED_AUTOS = YES_AGGRESSIVE;
				GCC_WARN_UNUSED_FUNCTION = YES;
				GCC_WARN_UNUSED_VARIABLE = YES;
				IPHONEOS_DEPLOYMENT_TARGET = 11.4;
				MTL_ENABLE_DEBUG_INFO = NO;
				SDKROOT = iphoneos;
				SWIFT_COMPILATION_MODE = wholemodule;
				SWIFT_OPTIMIZATION_LEVEL = "-O";
				VALIDATE_PRODUCT = YES;
			};
			name = Release;
		};
		BE3CD55A211F983C00C793F7 /* Debug */ = {
			isa = XCBuildConfiguration;
			buildSettings = {
				ASSETCATALOG_COMPILER_APPICON_NAME = AppIcon;
				CODE_SIGN_STYLE = Automatic;
				DEVELOPMENT_TEAM = JQ52M4QL3U;
				INFOPLIST_FILE = LFSDKTest/Info.plist;
				LD_RUNPATH_SEARCH_PATHS = (
					"$(inherited)",
					"@executable_path/Frameworks",
				);
				PRODUCT_BUNDLE_IDENTIFIER = br.com.lf.LFSDKTest;
				PRODUCT_NAME = "$(TARGET_NAME)";
				SWIFT_VERSION = 4.0;
				TARGETED_DEVICE_FAMILY = "1,2";
			};
			name = Debug;
		};
		BE3CD55B211F983C00C793F7 /* Release */ = {
			isa = XCBuildConfiguration;
			buildSettings = {
				ASSETCATALOG_COMPILER_APPICON_NAME = AppIcon;
				CODE_SIGN_STYLE = Automatic;
				DEVELOPMENT_TEAM = JQ52M4QL3U;
				INFOPLIST_FILE = LFSDKTest/Info.plist;
				LD_RUNPATH_SEARCH_PATHS = (
					"$(inherited)",
					"@executable_path/Frameworks",
				);
				PRODUCT_BUNDLE_IDENTIFIER = br.com.lf.LFSDKTest;
				PRODUCT_NAME = "$(TARGET_NAME)";
				SWIFT_VERSION = 4.0;
				TARGETED_DEVICE_FAMILY = "1,2";
			};
			name = Release;
		};
/* End XCBuildConfiguration section */

/* Begin XCConfigurationList section */
		BE3CD53F211F983A00C793F7 /* Build configuration list for PBXProject "LFSDKTest" */ = {
			isa = XCConfigurationList;
			buildConfigurations = (
				BE3CD557211F983C00C793F7 /* Debug */,
				BE3CD558211F983C00C793F7 /* Release */,
			);
			defaultConfigurationIsVisible = 0;
			defaultConfigurationName = Release;
		};
		BE3CD559211F983C00C793F7 /* Build configuration list for PBXNativeTarget "LFSDKTest" */ = {
			isa = XCConfigurationList;
			buildConfigurations = (
				BE3CD55A211F983C00C793F7 /* Debug */,
				BE3CD55B211F983C00C793F7 /* Release */,
			);
			defaultConfigurationIsVisible = 0;
			defaultConfigurationName = Release;
		};
/* End XCConfigurationList section */

/* Begin XCVersionGroup section */
		BE3CD54E211F983A00C793F7 /* LFSDKTest.xcdatamodeld */ = {
			isa = XCVersionGroup;
			children = (
				BE3CD54F211F983A00C793F7 /* LFSDKTest.xcdatamodel */,
			);
			currentVersion = BE3CD54F211F983A00C793F7 /* LFSDKTest.xcdatamodel */;
			path = LFSDKTest.xcdatamodeld;
			sourceTree = "<group>";
			versionGroupType = wrapper.xcdatamodel;
		};
/* End XCVersionGroup section */
	};
	rootObject = BE3CD53C211F983A00C793F7 /* Project object */;
}
